{
    "hash": "956defd997db7a6fb81d0943d787a4c8",
    "packages": [
        {
            "package": "doctrine/common",
            "version": "dev-master",
            "alias-pretty-version": "2.4.x-dev",
            "alias-version": "2.4.9999999.9999999-dev"
        },
        {
            "package": "doctrine/common",
            "version": "dev-master",
            "source-reference": "329d90ab8d6ed4c0b422d631caa5594c77c12055",
            "commit-date": "1345128430"
        },
        {
            "package": "phly/phly-contact",
            "version": "dev-master",
            "source-reference": "2177374763f0e0f903ae68d207984087b1a0fb51",
            "commit-date": "1343826444"
        },
        {
            "package": "zendframework/zendframework",
            "version": "dev-master",
            "source-reference": "de807ffc3dd1a5ca0495e300724ace1e6d15ffae",
            "commit-date": "1346194885"
        },
        {
            "package": "zf-commons/zfc-base",
            "version": "dev-master",
            "source-reference": "864c7c45cefb77321845563eba2a7f83f284132f",
            "commit-date": "1344908144"
        },
        {
            "package": "zf-commons/zfc-user",
            "version": "dev-master",
            "source-reference": "86a654ba47fb3e89c9438cfa64cbdc3e8f8d025b",
            "commit-date": "1345835927"
        }
    ],
    "packages-dev": null,
    "aliases": [

    ],
    "minimum-stability": "dev",
    "stability-flags": {
        "zendframework/zendframework": 20,
        "zf-commons/zfc-user": 20,
        "phly/phly-contact": 20
    }
}
